{
  "name": "fusou-app",
  "version": "0.0.0",
  "lockfileVersion": 3,
  "requires": true,
  "packages": {
    "": {
      "name": "fusou-app",
      "version": "0.0.0",
      "dependencies": {
        "@builder.io/qwik": "^1.9.0",
        "@qwikest/icons": "^0.0.13",
        "@tauri-apps/api": "^1.6.0",
        "autoprefixer": "^10.4.20",
        "d3": "^7.9.0",
        "qwik-d3": "^0.0.24",
        "qwik-image": "^0.0.13"
      },
      "devDependencies": {
        "@builder.io/vite-plugin-macro": "~0.0.7",
        "@tauri-apps/cli": "^1.6.2",
        "daisyui": "^4.12.10",
        "serve": "^14.2.3",
        "tailwindcss": "^3.4.11",
        "typescript": "^5.6.2",
        "vite": "^5.4.6"
      }
    },
    "../node_modules/.pnpm/@builder.io+vite-plugin-macro@0.0.7_@types+node@22.5.0_lightningcss@1.23.0_rollup@4.21.3/node_modules/@builder.io/vite-plugin-macro": {
      "version": "0.0.7",
      "dev": true,
      "license": "MIT",
      "dependencies": {
        "@rollup/pluginutils": "^5.0.2",
        "magic-string": "^0.30.0",
        "vite-node": "^0.32.2"
      },
      "devDependencies": {
        "@types/node": "^20.3.1",
        "prettier": "^2.8.8",
        "typescript": "^5.1.3",
        "vite": "^4.3.9",
        "vite-plugin-static-copy": "^0.16.0"
      },
      "engines": {
        "node": ">=16.8.0 <18.0.0 || >=18.11",
        "npm": "please-use-pnpm",
        "pnpm": ">=8.0.0",
        "yarn": "please-use-pnpm"
      }
    },
    "../node_modules/.pnpm/@qwikest+icons@0.0.13_@builder.io+qwik@1.7.0_@types+node@22.5.0_lightningcss@1.23.0_undici@6.19.8_/node_modules/@qwikest/icons": {
      "version": "0.0.13",
      "license": "MIT",
      "devDependencies": {
        "@builder.io/qwik": "^1.2.14",
        "@primer/octicons": "^19.8.0",
        "@types/eslint": "8.21.1",
        "@types/node": "^18.14.0",
        "@types/node-fetch": "latest",
        "@types/tar": "^6.1.4",
        "@typescript-eslint/eslint-plugin": "5.53.0",
        "@typescript-eslint/parser": "5.53.0",
        "bootstrap-icons": "^1.11.1",
        "eslint": "8.50.0",
        "eslint-plugin-qwik": "latest",
        "fast-glob": "^3.2.12",
        "got": "^12.5.3",
        "heroicons": "^2.0.18",
        "ionicons": "^7.2.1",
        "lucide-static": ">=0.288.0 <1.0.0",
        "node-fetch": "3.3.0",
        "node-stream-zip": "^1.15.0",
        "np": "7.6.3",
        "prettier": "2.8.4",
        "simple-icons": "^9.18.0",
        "svgo": "^3.0.2",
        "tar": "^6.1.13",
        "ts-node": "^10.9.1",
        "tsm": "^2.3.0",
        "typescript": "4.9.5",
        "undici": "5.20.0",
        "vite": "4.1.4"
      },
      "engines": {
        "node": ">=15.0.0"
      },
      "peerDependencies": {
        "@builder.io/qwik": ">=1.0.0"
      }
    },
    "../node_modules/.pnpm/@tauri-apps+api@1.6.0/node_modules/@tauri-apps/api": {
      "version": "1.6.0",
      "license": "Apache-2.0 OR MIT",
      "devDependencies": {
        "@rollup/plugin-terser": "0.4.4",
        "@rollup/plugin-typescript": "11.1.5",
        "@types/node": "20.10.5",
        "@typescript-eslint/eslint-plugin": "5.62.0",
        "@typescript-eslint/parser": "5.62.0",
        "eslint": "8.56.0",
        "eslint-config-prettier": "8.10.0",
        "eslint-config-standard-with-typescript": "34.0.1",
        "eslint-plugin-import": "2.29.1",
        "eslint-plugin-n": "15.7.0",
        "eslint-plugin-node": "11.1.0",
        "eslint-plugin-promise": "6.1.1",
        "eslint-plugin-security": "1.7.1",
        "fast-glob": "3.3.2",
        "prettier": "3.1.1",
        "rollup": "3.29.4",
        "typescript": "5.3.3"
      },
      "engines": {
        "node": ">= 14.6.0",
        "npm": ">= 6.6.0",
        "yarn": ">= 1.19.1"
      },
      "funding": {
        "type": "opencollective",
        "url": "https://opencollective.com/tauri"
      }
    },
    "../node_modules/.pnpm/@tauri-apps+cli@1.6.2/node_modules/@tauri-apps/cli": {
      "version": "1.6.2",
      "dev": true,
      "license": "Apache-2.0 OR MIT",
      "bin": {
        "tauri": "tauri.js"
      },
      "devDependencies": {
        "@napi-rs/cli": "2.16.1",
        "cross-env": "7.0.3",
        "cross-spawn": "7.0.3",
        "fs-extra": "11.1.1",
        "jest": "29.7.0",
        "jest-transform-toml": "1.0.0",
        "prettier": "2.8.8"
      },
      "engines": {
        "node": ">= 10"
      },
      "funding": {
        "type": "opencollective",
        "url": "https://opencollective.com/tauri"
      },
      "optionalDependencies": {
        "@tauri-apps/cli-darwin-arm64": "1.6.2",
        "@tauri-apps/cli-darwin-x64": "1.6.2",
        "@tauri-apps/cli-linux-arm-gnueabihf": "1.6.2",
        "@tauri-apps/cli-linux-arm64-gnu": "1.6.2",
        "@tauri-apps/cli-linux-arm64-musl": "1.6.2",
        "@tauri-apps/cli-linux-x64-gnu": "1.6.2",
        "@tauri-apps/cli-linux-x64-musl": "1.6.2",
        "@tauri-apps/cli-win32-arm64-msvc": "1.6.2",
        "@tauri-apps/cli-win32-ia32-msvc": "1.6.2",
        "@tauri-apps/cli-win32-x64-msvc": "1.6.2"
      }
    },
    "../node_modules/.pnpm/autoprefixer@10.4.20_postcss@8.4.47/node_modules/autoprefixer": {
      "version": "10.4.20",
      "funding": [
        {
          "type": "opencollective",
          "url": "https://opencollective.com/postcss/"
        },
        {
          "type": "tidelift",
          "url": "https://tidelift.com/funding/github/npm/autoprefixer"
        },
        {
          "type": "github",
          "url": "https://github.com/sponsors/ai"
        }
      ],
      "license": "MIT",
      "dependencies": {
        "browserslist": "^4.23.3",
        "caniuse-lite": "^1.0.30001646",
        "fraction.js": "^4.3.7",
        "normalize-range": "^0.1.2",
        "picocolors": "^1.0.1",
        "postcss-value-parser": "^4.2.0"
      },
      "bin": {
        "autoprefixer": "bin/autoprefixer"
      },
      "engines": {
        "node": "^10 || ^12 || >=14"
      },
      "peerDependencies": {
        "postcss": "^8.1.0"
      }
    },
    "../node_modules/.pnpm/d3@7.9.0/node_modules/d3": {
      "version": "7.9.0",
      "license": "ISC",
      "dependencies": {
        "d3-array": "3",
        "d3-axis": "3",
        "d3-brush": "3",
        "d3-chord": "3",
        "d3-color": "3",
        "d3-contour": "4",
        "d3-delaunay": "6",
        "d3-dispatch": "3",
        "d3-drag": "3",
        "d3-dsv": "3",
        "d3-ease": "3",
        "d3-fetch": "3",
        "d3-force": "3",
        "d3-format": "3",
        "d3-geo": "3",
        "d3-hierarchy": "3",
        "d3-interpolate": "3",
        "d3-path": "3",
        "d3-polygon": "3",
        "d3-quadtree": "3",
        "d3-random": "3",
        "d3-scale": "4",
        "d3-scale-chromatic": "3",
        "d3-selection": "3",
        "d3-shape": "3",
        "d3-time": "3",
        "d3-time-format": "4",
        "d3-timer": "3",
        "d3-transition": "3",
        "d3-zoom": "3"
      },
      "devDependencies": {
        "@observablehq/plot": "^0.6.7",
        "@observablehq/runtime": "^5.7.3",
        "@rollup/plugin-json": "6",
        "@rollup/plugin-node-resolve": "15",
        "@rollup/plugin-terser": "^0.4.0",
        "eslint": "8",
        "mocha": "10",
        "rollup": "3",
        "topojson-client": "^3.1.0",
        "vitepress": "^1.0.0-beta.2"
      },
      "engines": {
        "node": ">=12"
      }
    },
    "../node_modules/.pnpm/daisyui@4.12.10_postcss@8.4.47/node_modules/daisyui": {
      "version": "4.12.10",
      "dev": true,
      "license": "MIT",
      "dependencies": {
        "css-selector-tokenizer": "^0.8",
        "culori": "^3",
        "picocolors": "^1",
        "postcss-js": "^4"
      },
      "devDependencies": {
        "@biomejs/biome": "1.8.1",
        "autoprefixer": "10.4.19",
        "commit-and-tag-version": "12.4.1",
        "postcss-cli": "11.0.0",
        "postcss-import": "16.1.0",
        "prejss-cli": "0.3.3",
        "tailwindcss": "3.4.4"
      },
      "engines": {
        "node": ">=16.9.0"
      },
      "funding": {
        "type": "opencollective",
        "url": "https://opencollective.com/daisyui"
      }
    },
    "../node_modules/.pnpm/qwik-image@0.0.13/node_modules/qwik-image": {
      "version": "0.0.13"
    },
    "../node_modules/.pnpm/serve@14.2.3/node_modules/serve": {
      "version": "14.2.3",
      "dev": true,
      "license": "MIT",
      "dependencies": {
        "@zeit/schemas": "2.36.0",
        "ajv": "8.12.0",
        "arg": "5.0.2",
        "boxen": "7.0.0",
        "chalk": "5.0.1",
        "chalk-template": "0.4.0",
        "clipboardy": "3.0.0",
        "compression": "1.7.4",
        "is-port-reachable": "4.0.0",
        "serve-handler": "6.1.5",
        "update-check": "1.5.4"
      },
      "bin": {
        "serve": "build/main.js"
      },
      "devDependencies": {
        "@types/compression": "1.7.2",
        "@types/serve-handler": "6.1.1",
        "@vercel/style-guide": "3.0.0",
        "c8": "7.12.0",
        "eslint": "8.19.0",
        "got": "12.1.0",
        "husky": "8.0.1",
        "lint-staged": "13.0.3",
        "prettier": "2.7.1",
        "tsup": "6.1.3",
        "tsx": "3.7.1",
        "typescript": "4.6.4",
        "vitest": "0.18.0"
      },
      "engines": {
        "node": ">= 14"
      }
    },
    "../node_modules/.pnpm/tailwindcss@3.4.11_ts-node@10.9.2_@types+node@22.5.0_typescript@5.6.2_/node_modules/tailwindcss": {
      "version": "3.4.11",
      "dev": true,
      "license": "MIT",
      "dependencies": {
        "@alloc/quick-lru": "^5.2.0",
        "arg": "^5.0.2",
        "chokidar": "^3.5.3",
        "didyoumean": "^1.2.2",
        "dlv": "^1.1.3",
        "fast-glob": "^3.3.0",
        "glob-parent": "^6.0.2",
        "is-glob": "^4.0.3",
        "jiti": "^1.21.0",
        "lilconfig": "^2.1.0",
        "micromatch": "^4.0.5",
        "normalize-path": "^3.0.0",
        "object-hash": "^3.0.0",
        "picocolors": "^1.0.0",
        "postcss": "^8.4.23",
        "postcss-import": "^15.1.0",
        "postcss-js": "^4.0.1",
        "postcss-load-config": "^4.0.1",
        "postcss-nested": "^6.0.1",
        "postcss-selector-parser": "^6.0.11",
        "resolve": "^1.22.2",
        "sucrase": "^3.32.0"
      },
      "bin": {
        "tailwind": "lib/cli.js",
        "tailwindcss": "lib/cli.js"
      },
      "devDependencies": {
        "@swc/cli": "^0.1.62",
        "@swc/core": "^1.3.55",
        "@swc/jest": "^0.2.26",
        "@swc/register": "^0.1.10",
        "autoprefixer": "^10.4.14",
        "browserslist": "^4.21.5",
        "concurrently": "^8.0.1",
        "cssnano": "^6.1.2",
        "esbuild": "^0.20.2",
        "eslint": "^8.39.0",
        "eslint-config-prettier": "^8.8.0",
        "eslint-plugin-prettier": "^4.2.1",
        "jest": "^29.6.0",
        "jest-diff": "^29.6.0",
        "lightningcss": "1.24.1",
        "prettier": "^2.8.8",
        "rimraf": "^5.0.0",
        "source-map-js": "^1.0.2",
        "turbo": "^1.9.3"
      },
      "engines": {
        "node": ">=14.0.0"
      }
    },
    "../node_modules/.pnpm/typescript@5.6.2/node_modules/typescript": {
      "version": "5.6.2",
      "dev": true,
      "license": "Apache-2.0",
      "bin": {
        "tsc": "bin/tsc",
        "tsserver": "bin/tsserver"
      },
      "devDependencies": {
        "@dprint/formatter": "^0.4.1",
        "@dprint/typescript": "0.91.6",
        "@esfx/canceltoken": "^1.0.0",
        "@eslint/js": "^9.9.0",
        "@octokit/rest": "^21.0.1",
        "@types/chai": "^4.3.17",
        "@types/diff": "^5.2.1",
        "@types/minimist": "^1.2.5",
        "@types/mocha": "^10.0.7",
        "@types/ms": "^0.7.34",
        "@types/node": "latest",
        "@types/source-map-support": "^0.5.10",
        "@types/which": "^3.0.4",
        "@typescript-eslint/rule-tester": "^8.1.0",
        "@typescript-eslint/type-utils": "^8.1.0",
        "@typescript-eslint/utils": "^8.1.0",
        "azure-devops-node-api": "^14.0.2",
        "c8": "^10.1.2",
        "chai": "^4.5.0",
        "chalk": "^4.1.2",
        "chokidar": "^3.6.0",
        "diff": "^5.2.0",
        "dprint": "^0.47.2",
        "esbuild": "^0.23.0",
        "eslint": "^9.9.0",
        "eslint-formatter-autolinkable-stylish": "^1.4.0",
        "eslint-plugin-regexp": "^2.6.0",
        "fast-xml-parser": "^4.4.1",
        "glob": "^10.4.5",
        "globals": "^15.9.0",
        "hereby": "^1.9.0",
        "jsonc-parser": "^3.3.1",
        "knip": "^5.27.2",
        "minimist": "^1.2.8",
        "mocha": "^10.7.3",
        "mocha-fivemat-progress-reporter": "^0.1.0",
        "monocart-coverage-reports": "^2.10.2",
        "ms": "^2.1.3",
        "node-fetch": "^3.3.2",
        "playwright": "^1.46.0",
        "source-map-support": "^0.5.21",
        "tslib": "^2.6.3",
        "typescript": "^5.5.4",
        "typescript-eslint": "^8.1.0",
        "which": "^3.0.1"
      },
      "engines": {
        "node": ">=14.17"
      }
    },
    "../node_modules/.pnpm/vite@5.4.6_@types+node@22.5.0_lightningcss@1.23.0/node_modules/vite": {
      "version": "5.4.6",
      "license": "MIT",
      "dependencies": {
        "esbuild": "^0.21.3",
        "postcss": "^8.4.43",
        "rollup": "^4.20.0"
      },
      "bin": {
        "vite": "bin/vite.js"
      },
      "devDependencies": {
        "@ampproject/remapping": "^2.3.0",
        "@babel/parser": "^7.25.6",
        "@jridgewell/trace-mapping": "^0.3.25",
        "@polka/compression": "^1.0.0-next.25",
        "@rollup/plugin-alias": "^5.1.0",
        "@rollup/plugin-commonjs": "^26.0.1",
        "@rollup/plugin-dynamic-import-vars": "^2.1.2",
        "@rollup/plugin-json": "^6.1.0",
        "@rollup/plugin-node-resolve": "15.2.3",
        "@rollup/pluginutils": "^5.1.0",
        "@types/escape-html": "^1.0.4",
        "@types/pnpapi": "^0.0.5",
        "artichokie": "^0.2.1",
        "cac": "^6.7.14",
        "chokidar": "^3.6.0",
        "connect": "^3.7.0",
        "convert-source-map": "^2.0.0",
        "cors": "^2.8.5",
        "cross-spawn": "^7.0.3",
        "debug": "^4.3.6",
        "dep-types": "link:./src/types",
        "dotenv": "^16.4.5",
        "dotenv-expand": "^11.0.6",
        "es-module-lexer": "^1.5.4",
        "escape-html": "^1.0.3",
        "estree-walker": "^3.0.3",
        "etag": "^1.8.1",
        "fast-glob": "^3.3.2",
        "http-proxy": "^1.18.1",
        "launch-editor-middleware": "^2.8.1",
        "lightningcss": "^1.26.0",
        "magic-string": "^0.30.11",
        "micromatch": "^4.0.8",
        "mlly": "^1.7.1",
        "mrmime": "^2.0.0",
        "open": "^8.4.2",
        "parse5": "^7.1.2",
        "pathe": "^1.1.2",
        "periscopic": "^4.0.2",
        "picocolors": "^1.0.1",
        "picomatch": "^2.3.1",
        "postcss-import": "^16.1.0",
        "postcss-load-config": "^4.0.2",
        "postcss-modules": "^6.0.0",
        "resolve.exports": "^2.0.2",
        "rollup-plugin-dts": "^6.1.1",
        "rollup-plugin-esbuild": "^6.1.1",
        "rollup-plugin-license": "^3.5.2",
        "sass": "^1.77.8",
        "sass-embedded": "^1.77.8",
        "sirv": "^2.0.4",
        "source-map-support": "^0.5.21",
        "strip-ansi": "^7.1.0",
        "strip-literal": "^2.1.0",
        "tsconfck": "^3.1.3",
        "tslib": "^2.7.0",
        "types": "link:./types",
        "ufo": "^1.5.4",
        "ws": "^8.18.0"
      },
      "engines": {
        "node": "^18.0.0 || >=20.0.0"
      },
      "funding": {
        "url": "https://github.com/vitejs/vite?sponsor=1"
      },
      "optionalDependencies": {
        "fsevents": "~2.3.3"
      },
      "peerDependencies": {
        "@types/node": "^18.0.0 || >=20.0.0",
        "less": "*",
        "lightningcss": "^1.21.0",
        "sass": "*",
        "sass-embedded": "*",
        "stylus": "*",
        "sugarss": "*",
        "terser": "^5.4.0"
      },
      "peerDependenciesMeta": {
        "@types/node": {
          "optional": true
        },
        "less": {
          "optional": true
        },
        "lightningcss": {
          "optional": true
        },
        "sass": {
          "optional": true
        },
        "sass-embedded": {
          "optional": true
        },
        "stylus": {
          "optional": true
        },
        "sugarss": {
          "optional": true
        },
        "terser": {
          "optional": true
        }
      }
    },
    "node_modules/@builder.io/qwik": {
      "version": "1.9.0",
      "resolved": "https://registry.npmjs.org/@builder.io/qwik/-/qwik-1.9.0.tgz",
      "integrity": "sha512-E4EFXOaUz4A6D48lw1CwKR4CLZCPquetuMPrRoAPZjBueL/R1oBzXdRt5zVemS6lAoTSjXBsnxXo2kGYKCI7pA==",
      "dependencies": {
        "csstype": "^3.1",
        "vite": "^5"
      },
      "bin": {
        "qwik": "dist/qwik-cli.cjs"
      },
      "engines": {
        "node": ">=16.8.0 <18.0.0 || >=18.11"
      }
    },
    "node_modules/@builder.io/vite-plugin-macro": {
      "resolved": "../node_modules/.pnpm/@builder.io+vite-plugin-macro@0.0.7_@types+node@22.5.0_lightningcss@1.23.0_rollup@4.21.3/node_modules/@builder.io/vite-plugin-macro",
      "link": true
    },
    "node_modules/@qwikest/icons": {
      "resolved": "../node_modules/.pnpm/@qwikest+icons@0.0.13_@builder.io+qwik@1.7.0_@types+node@22.5.0_lightningcss@1.23.0_undici@6.19.8_/node_modules/@qwikest/icons",
      "link": true
    },
    "node_modules/@tauri-apps/api": {
      "resolved": "../node_modules/.pnpm/@tauri-apps+api@1.6.0/node_modules/@tauri-apps/api",
      "link": true
    },
    "node_modules/@tauri-apps/cli": {
      "resolved": "../node_modules/.pnpm/@tauri-apps+cli@1.6.2/node_modules/@tauri-apps/cli",
      "link": true
    },
    "node_modules/autoprefixer": {
      "resolved": "../node_modules/.pnpm/autoprefixer@10.4.20_postcss@8.4.47/node_modules/autoprefixer",
      "link": true
    },
    "node_modules/csstype": {
      "version": "3.1.3",
      "resolved": "https://registry.npmjs.org/csstype/-/csstype-3.1.3.tgz",
      "integrity": "sha512-M1uQkMl8rQK/szD0LNhtqxIPLpimGm8sOBwU7lLnCpSbTyY3yeU1Vc7l4KT5zT4s/yOxHH5O7tIuuLOCnLADRw=="
    },
    "node_modules/d3": {
      "resolved": "../node_modules/.pnpm/d3@7.9.0/node_modules/d3",
      "link": true
    },
    "node_modules/daisyui": {
      "resolved": "../node_modules/.pnpm/daisyui@4.12.10_postcss@8.4.47/node_modules/daisyui",
      "link": true
    },
    "node_modules/qwik-d3": {
      "version": "0.0.24",
      "resolved": "https://registry.npmjs.org/qwik-d3/-/qwik-d3-0.0.24.tgz",
      "integrity": "sha512-Q7W8DijtmWCzF9nTUc8Jy1HWurb+TNhnwYc0nSOZcYbaJw6xWPIpg5OoD5xc6s4rb6ZBHQDKe9F1DD0kBE8K/w==",
      "engines": {
        "node": ">=15.0.0"
      },
      "peerDependencies": {
        "d3": "^7.8.5"
      }
    },
    "node_modules/qwik-image": {
      "resolved": "../node_modules/.pnpm/qwik-image@0.0.13/node_modules/qwik-image",
      "link": true
    },
    "node_modules/serve": {
      "resolved": "../node_modules/.pnpm/serve@14.2.3/node_modules/serve",
      "link": true
    },
    "node_modules/tailwindcss": {
      "resolved": "../node_modules/.pnpm/tailwindcss@3.4.11_ts-node@10.9.2_@types+node@22.5.0_typescript@5.6.2_/node_modules/tailwindcss",
      "link": true
    },
    "node_modules/typescript": {
      "resolved": "../node_modules/.pnpm/typescript@5.6.2/node_modules/typescript",
      "link": true
    },
    "node_modules/vite": {
      "resolved": "../node_modules/.pnpm/vite@5.4.6_@types+node@22.5.0_lightningcss@1.23.0/node_modules/vite",
      "link": true
    }
  }
}
