connectrpc.com/connect v1.16.2 h1:ybd6y+ls7GOlb7Bh5C8+ghA6SvCBajHwxssO2CGFjqE=
connectrpc.com/connect v1.16.2/go.mod h1:n2kgwskMHXC+lVqb18wngEpF95ldBHXjZYJussz5FRc=
github.com/andybalholm/brotli v1.1.0 h1:eLKJA0d02Lf0mVpIDgYnqXcUn0GqVmEFny3VuID1U3M=
github.com/andybalholm/brotli v1.1.0/go.mod h1:sms7XGricyQI9K10gOSf56VKKWS4oLer58Q+mhRPtnY=
github.com/cakturk/go-netstat v0.0.0-20200220111822-e5b49efee7a5 h1:BjkPE3785EwPhhyuFkbINB+2a1xATwk8SNDWnJiD41g=
github.com/cakturk/go-netstat v0.0.0-20200220111822-e5b49efee7a5/go.mod h1:jtAfVaU/2cu1+wdSRPWE2c1N2qeAA3K4RH9pYgqwets=
github.com/drael/GOnetstat v0.0.0-20201004132414-bf4a88b0bdab/go.mod h1:QtldKtugUV5zmFEu34yrkdalP1qD52QaOZgZ+V6N5DI=
golang.org/x/net v0.26.0 h1:soB7SVo0PWrY4vPW/+ay0jKDNScG2X9wFeYlXIvJsOQ=
golang.org/x/net v0.26.0/go.mod h1:5YKkiSynbBIh3p6iOc/vibscux0x38BZDkn8sCUPxHE=
golang.org/x/sys v0.22.0 h1:RI27ohtqKCnwULzJLqkv897zojh5/DwS/ENaMzUOaWI=
golang.org/x/sys v0.22.0/go.mod h1:/VUhepiaJMQUp4+oa/7Zr1D23ma6VTLIYjOOTFZPUcA=
golang.org/x/text v0.16.0 h1:a94ExnEXNtEwYLGJSIUxnWoxoRz/ZcCsV63ROupILh4=
golang.org/x/text v0.16.0/go.mod h1:GhwF1Be+LQoKShO3cGOHzqOgRrGaYc9AvblQOmPVHnI=
google.golang.org/genproto/googleapis/rpc v0.0.0-20240701130421-f6361c86f094 h1:BwIjyKYGsK9dMCBOorzRri8MQwmi7mT9rGHsCEinZkA=
google.golang.org/genproto/googleapis/rpc v0.0.0-20240701130421-f6361c86f094/go.mod h1:Ue6ibwXGpU+dqIcODieyLOcgj7z8+IcskoNIgZxtrFY=
google.golang.org/grpc v1.65.0 h1:bs/cUb4lp1G5iImFFd3u5ixQzweKizoZJAwBNLR42lc=
google.golang.org/grpc v1.65.0/go.mod h1:WgYC2ypjlB0EiQi6wdKixMqukr6lBc0Vo+oOgjrM5ZQ=
google.golang.org/grpc/cmd/protoc-gen-go-grpc v1.4.0 h1:9SxA29VM43MF5Z9dQu694wmY5t8E/Gxr7s+RSxiIDmc=
google.golang.org/grpc/cmd/protoc-gen-go-grpc v1.4.0/go.mod h1:yZOK5zhQMiALmuweVdIVoQPa6eIJyXn2B9g5dJDhqX4=
google.golang.org/protobuf v1.34.2 h1:6xV6lTsCfpGD21XK49h7MhtcApnLqkfYgPcdHftf6hg=
google.golang.org/protobuf v1.34.2/go.mod h1:qYOHts0dSfpeUzUFpOMr/WGzszTmLH+DiWniOlNbLDw=
